
Microsoft Visual Studio Solution File, Format Version 12.00
# Visual Studio Version 17
VisualStudioVersion = 17.12.35527.113
MinimumVisualStudioVersion = 10.0.40219.1
Project("{FAE04EC0-301F-11D3-BF4B-00C04F79EFBC}") = "TarakanSIMRS", "TarakanSIMRS\TarakanSIMRS.csproj", "{6720DAD3-D200-46AB-8A99-D955C3643065}"
EndProject
Project("{FAE04EC0-301F-11D3-BF4B-00C04F79EFBC}") = "Tarakan.EntityFramework", "Tarakan.EntityFramework\Tarakan.EntityFramework.csproj", "{6D5756A4-D436-4123-A9AD-6D416C35C746}"
EndProject
Project("{FAE04EC0-301F-11D3-BF4B-00C04F79EFBC}") = "Tarakan.BusinessObjects", "Tarakan.BusinessObjects\Tarakan.BusinessObjects.csproj", "{9669CCD3-6046-4A41-BDBB-A081CCAA384C}"
EndProject
Project("{FAE04EC0-301F-11D3-BF4B-00C04F79EFBC}") = "Tarakan.EntitySpaces", "Tarakan.EntitySpaces\Tarakan.EntitySpaces.csproj", "{743CF49E-1AD7-4F6B-9591-33469EA3B443}"
EndProject
Global
	GlobalSection(SolutionConfigurationPlatforms) = preSolution
		Debug|Any CPU = Debug|Any CPU
		Release|Any CPU = Release|Any CPU
	EndGlobalSection
	GlobalSection(ProjectConfigurationPlatforms) = postSolution
		{6720DAD3-D200-46AB-8A99-D955C3643065}.Debug|Any CPU.ActiveCfg = Debug|Any CPU
		{6720DAD3-D200-46AB-8A99-D955C3643065}.Debug|Any CPU.Build.0 = Debug|Any CPU
		{6720DAD3-D200-46AB-8A99-D955C3643065}.Release|Any CPU.ActiveCfg = Release|Any CPU
		{6720DAD3-D200-46AB-8A99-D955C3643065}.Release|Any CPU.Build.0 = Release|Any CPU
		{6D5756A4-D436-4123-A9AD-6D416C35C746}.Debug|Any CPU.ActiveCfg = Debug|Any CPU
		{6D5756A4-D436-4123-A9AD-6D416C35C746}.Debug|Any CPU.Build.0 = Debug|Any CPU
		{6D5756A4-D436-4123-A9AD-6D416C35C746}.Release|Any CPU.ActiveCfg = Release|Any CPU
		{6D5756A4-D436-4123-A9AD-6D416C35C746}.Release|Any CPU.Build.0 = Release|Any CPU
		{9669CCD3-6046-4A41-BDBB-A081CCAA384C}.Debug|Any CPU.ActiveCfg = Debug|Any CPU
		{9669CCD3-6046-4A41-BDBB-A081CCAA384C}.Debug|Any CPU.Build.0 = Debug|Any CPU
		{9669CCD3-6046-4A41-BDBB-A081CCAA384C}.Release|Any CPU.ActiveCfg = Release|Any CPU
		{9669CCD3-6046-4A41-BDBB-A081CCAA384C}.Release|Any CPU.Build.0 = Release|Any CPU
		{743CF49E-1AD7-4F6B-9591-33469EA3B443}.Debug|Any CPU.ActiveCfg = Debug|Any CPU
		{743CF49E-1AD7-4F6B-9591-33469EA3B443}.Debug|Any CPU.Build.0 = Debug|Any CPU
		{743CF49E-1AD7-4F6B-9591-33469EA3B443}.Release|Any CPU.ActiveCfg = Release|Any CPU
		{743CF49E-1AD7-4F6B-9591-33469EA3B443}.Release|Any CPU.Build.0 = Release|Any CPU
	EndGlobalSection
	GlobalSection(SolutionProperties) = preSolution
		HideSolutionNode = FALSE
	EndGlobalSection
EndGlobal
